
Microsoft Visual Studio Solution File, Format Version 12.00
# Visual Studio Version 17
VisualStudioVersion = 17.3.32825.248
MinimumVisualStudioVersion = 10.0.40219.1
Project("{FAE04EC0-301F-11D3-BF4B-00C04F79EFBC}") = "SP2", "SP2\SP2.csproj", "{D5D17DC3-1601-4DCF-9479-1E928D1E624F}"
EndProject
Global
	GlobalSection(SolutionConfigurationPlatforms) = preSolution
		Debug|Any CPU = Debug|Any CPU
		Release|Any CPU = Release|Any CPU
	EndGlobalSection
	GlobalSection(ProjectConfigurationPlatforms) = postSolution
		{D5D17DC3-1601-4DCF-9479-1E928D1E624F}.Debug|Any CPU.ActiveCfg = Debug|Any CPU
		{D5D17DC3-1601-4DCF-9479-1E928D1E624F}.Debug|Any CPU.Build.0 = Debug|Any CPU
		{D5D17DC3-1601-4DCF-9479-1E928D1E624F}.Release|Any CPU.ActiveCfg = Release|Any CPU
		{D5D17DC3-1601-4DCF-9479-1E928D1E624F}.Release|Any CPU.Build.0 = Release|Any CPU
	EndGlobalSection
	GlobalSection(SolutionProperties) = preSolution
		HideSolutionNode = FALSE
	EndGlobalSection
	GlobalSection(ExtensibilityGlobals) = postSolution
		SolutionGuid = {115D1FD2-693F-41D8-9A09-906FEFDB9A6B}
	EndGlobalSection
EndGlobal
